
Microsoft Visual Studio Solution File, Format Version 12.00
# Visual Studio Version 16
VisualStudioVersion = 16.0.30503.244
MinimumVisualStudioVersion = 10.0.40219.1
Project("{8BC9CEB8-8B4A-11D0-8D11-00A0C91BC942}") = "Panin_201_351_Lab1", "Panin_201_351_Lab1.vcxproj", "{9E95AC0C-0015-46D2-A99C-CE37A1564D6B}"
EndProject
Project("{8BC9CEB8-8B4A-11D0-8D11-00A0C91BC942}") = "Panin_201_351_Lab2", "..\Panin_201_351_Lab2\Panin_201_351_Lab2.vcxproj", "{D58DD851-1A0F-43CA-BAD0-B41A62958F46}"
EndProject
Project("{8BC9CEB8-8B4A-11D0-8D11-00A0C91BC942}") = "Panin_201_351_Lab3_1", "..\Panin_201_351_Lab3\Panin_201_351_Lab3.vcxproj", "{56A497B6-C090-4C8A-B2E3-EEE5F697E49E}"
EndProject
Project("{8BC9CEB8-8B4A-11D0-8D11-00A0C91BC942}") = "Panin_201_351_Lab3_2", "..\Panin_201_351_Lab4\Panin_201_351_Lab4.vcxproj", "{5279E1DE-31C4-463D-A17E-67FEDD8376E4}"
EndProject
Project("{8BC9CEB8-8B4A-11D0-8D11-00A0C91BC942}") = "Panin_201_351_Lab4_1", "..\Panin_201_351_Lab4_1\Panin_201_351_Lab4_1.vcxproj", "{064A1B19-6C10-4886-A596-35C3063847F6}"
EndProject
Project("{8BC9CEB8-8B4A-11D0-8D11-00A0C91BC942}") = "Panin_201_351_Lab4_2", "..\Panin_201_351_Lab4_2\Panin_201_351_Lab4_2.vcxproj", "{270F9053-15D5-4DF6-A84B-A0B011514E4A}"
EndProject
Project("{8BC9CEB8-8B4A-11D0-8D11-00A0C91BC942}") = "Panin_201_351_Lab5_1", "..\Panin_201_351_Lab5_1\Panin_201_351_Lab5_1.vcxproj", "{49ABFCB4-D621-4E18-B0C9-EE3FCB9D0C95}"
EndProject
Project("{8BC9CEB8-8B4A-11D0-8D11-00A0C91BC942}") = "Panin_201_351_Lab5_2", "..\Panin_201_351_Lab5_2\Panin_201_351_Lab5_2.vcxproj", "{E381AF3A-42A9-4E3C-B53F-34114E74613F}"
EndProject
Project("{8BC9CEB8-8B4A-11D0-8D11-00A0C91BC942}") = "Panin_201_351_Lab5_3", "..\Panin_201_351_Lab5_3\Panin_201_351_Lab5_3.vcxproj", "{D2C191AC-AF2C-4052-85E7-D1A28377718A}"
EndProject
Project("{8BC9CEB8-8B4A-11D0-8D11-00A0C91BC942}") = "Panin_201_351_Lab5_4", "..\Panin_201_351_Lab5_4\Panin_201_351_Lab5_4.vcxproj", "{DE0614E0-BCE8-4B91-9B59-8489ED90F2EB}"
EndProject
Project("{8BC9CEB8-8B4A-11D0-8D11-00A0C91BC942}") = "Panin_201_351_Lab6_1", "..\Panin_201_351_Lab6_1\Panin_201_351_Lab6_1.vcxproj", "{2C1A1672-06C8-42C1-A45A-908E4CC5EFD0}"
EndProject
Project("{8BC9CEB8-8B4A-11D0-8D11-00A0C91BC942}") = "Panin_201_351_Lab6_2", "..\Panin_201_351_Lab6_2\Panin_201_351_Lab6_2.vcxproj", "{89930A54-E1E3-476F-B5BD-42A380FC5A58}"
EndProject
Project("{8BC9CEB8-8B4A-11D0-8D11-00A0C91BC942}") = "Panin_201_351_Lab6_3", "..\Panin_201_351_Lab6_3\Panin_201_351_Lab6_3.vcxproj", "{83D3194A-8AA7-4129-9ADD-5C27334ED387}"
EndProject
Project("{8BC9CEB8-8B4A-11D0-8D11-00A0C91BC942}") = "Panin_201_351_Lab6_4", "..\Panin_201_351_Lab6_4\Panin_201_351_Lab6_4.vcxproj", "{504BEBFE-356B-4CE6-94E7-495EA676AC15}"
EndProject
Project("{8BC9CEB8-8B4A-11D0-8D11-00A0C91BC942}") = "Panin_201_351_Lab6_6", "..\Panin_201_351_Lab6_5\Panin_201_351_Lab6_5.vcxproj", "{903573CF-F8FA-4F3D-943B-8118AE62FA51}"
EndProject
Project("{8BC9CEB8-8B4A-11D0-8D11-00A0C91BC942}") = "Panin_201_351_Lab6_5", "..\Panin_201_351_Lab6_6\Panin_201_351_Lab6_6.vcxproj", "{6FB25515-91DE-4532-91DE-670881A71E41}"
EndProject
Project("{8BC9CEB8-8B4A-11D0-8D11-00A0C91BC942}") = "Panin_201_351_Lab7", "..\Panin_201_351_Lab7\Panin_201_351_Lab7.vcxproj", "{C3138576-D1B6-4125-AA47-5F30B5CA61FA}"
EndProject
Global
	GlobalSection(SolutionConfigurationPlatforms) = preSolution
		Debug|x64 = Debug|x64
		Debug|x86 = Debug|x86
		Release|x64 = Release|x64
		Release|x86 = Release|x86
	EndGlobalSection
	GlobalSection(ProjectConfigurationPlatforms) = postSolution
		{9E95AC0C-0015-46D2-A99C-CE37A1564D6B}.Debug|x64.ActiveCfg = Debug|x64
		{9E95AC0C-0015-46D2-A99C-CE37A1564D6B}.Debug|x64.Build.0 = Debug|x64
		{9E95AC0C-0015-46D2-A99C-CE37A1564D6B}.Debug|x86.ActiveCfg = Debug|Win32
		{9E95AC0C-0015-46D2-A99C-CE37A1564D6B}.Debug|x86.Build.0 = Debug|Win32
		{9E95AC0C-0015-46D2-A99C-CE37A1564D6B}.Release|x64.ActiveCfg = Release|x64
		{9E95AC0C-0015-46D2-A99C-CE37A1564D6B}.Release|x64.Build.0 = Release|x64
		{9E95AC0C-0015-46D2-A99C-CE37A1564D6B}.Release|x86.ActiveCfg = Release|Win32
		{9E95AC0C-0015-46D2-A99C-CE37A1564D6B}.Release|x86.Build.0 = Release|Win32
		{D58DD851-1A0F-43CA-BAD0-B41A62958F46}.Debug|x64.ActiveCfg = Debug|x64
		{D58DD851-1A0F-43CA-BAD0-B41A62958F46}.Debug|x64.Build.0 = Debug|x64
		{D58DD851-1A0F-43CA-BAD0-B41A62958F46}.Debug|x86.ActiveCfg = Debug|Win32
		{D58DD851-1A0F-43CA-BAD0-B41A62958F46}.Debug|x86.Build.0 = Debug|Win32
		{D58DD851-1A0F-43CA-BAD0-B41A62958F46}.Release|x64.ActiveCfg = Release|x64
		{D58DD851-1A0F-43CA-BAD0-B41A62958F46}.Release|x64.Build.0 = Release|x64
		{D58DD851-1A0F-43CA-BAD0-B41A62958F46}.Release|x86.ActiveCfg = Release|Win32
		{D58DD851-1A0F-43CA-BAD0-B41A62958F46}.Release|x86.Build.0 = Release|Win32
		{56A497B6-C090-4C8A-B2E3-EEE5F697E49E}.Debug|x64.ActiveCfg = Debug|x64
		{56A497B6-C090-4C8A-B2E3-EEE5F697E49E}.Debug|x64.Build.0 = Debug|x64
		{56A497B6-C090-4C8A-B2E3-EEE5F697E49E}.Debug|x86.ActiveCfg = Debug|Win32
		{56A497B6-C090-4C8A-B2E3-EEE5F697E49E}.Debug|x86.Build.0 = Debug|Win32
		{56A497B6-C090-4C8A-B2E3-EEE5F697E49E}.Release|x64.ActiveCfg = Release|x64
		{56A497B6-C090-4C8A-B2E3-EEE5F697E49E}.Release|x64.Build.0 = Release|x64
		{56A497B6-C090-4C8A-B2E3-EEE5F697E49E}.Release|x86.ActiveCfg = Release|Win32
		{56A497B6-C090-4C8A-B2E3-EEE5F697E49E}.Release|x86.Build.0 = Release|Win32
		{5279E1DE-31C4-463D-A17E-67FEDD8376E4}.Debug|x64.ActiveCfg = Debug|x64
		{5279E1DE-31C4-463D-A17E-67FEDD8376E4}.Debug|x64.Build.0 = Debug|x64
		{5279E1DE-31C4-463D-A17E-67FEDD8376E4}.Debug|x86.ActiveCfg = Debug|Win32
		{5279E1DE-31C4-463D-A17E-67FEDD8376E4}.Debug|x86.Build.0 = Debug|Win32
		{5279E1DE-31C4-463D-A17E-67FEDD8376E4}.Release|x64.ActiveCfg = Release|x64
		{5279E1DE-31C4-463D-A17E-67FEDD8376E4}.Release|x64.Build.0 = Release|x64
		{5279E1DE-31C4-463D-A17E-67FEDD8376E4}.Release|x86.ActiveCfg = Release|Win32
		{5279E1DE-31C4-463D-A17E-67FEDD8376E4}.Release|x86.Build.0 = Release|Win32
		{064A1B19-6C10-4886-A596-35C3063847F6}.Debug|x64.ActiveCfg = Debug|x64
		{064A1B19-6C10-4886-A596-35C3063847F6}.Debug|x64.Build.0 = Debug|x64
		{064A1B19-6C10-4886-A596-35C3063847F6}.Debug|x86.ActiveCfg = Debug|Win32
		{064A1B19-6C10-4886-A596-35C3063847F6}.Debug|x86.Build.0 = Debug|Win32
		{064A1B19-6C10-4886-A596-35C3063847F6}.Release|x64.ActiveCfg = Release|x64
		{064A1B19-6C10-4886-A596-35C3063847F6}.Release|x64.Build.0 = Release|x64
		{064A1B19-6C10-4886-A596-35C3063847F6}.Release|x86.ActiveCfg = Release|Win32
		{064A1B19-6C10-4886-A596-35C3063847F6}.Release|x86.Build.0 = Release|Win32
		{270F9053-15D5-4DF6-A84B-A0B011514E4A}.Debug|x64.ActiveCfg = Debug|x64
		{270F9053-15D5-4DF6-A84B-A0B011514E4A}.Debug|x64.Build.0 = Debug|x64
		{270F9053-15D5-4DF6-A84B-A0B011514E4A}.Debug|x86.ActiveCfg = Debug|Win32
		{270F9053-15D5-4DF6-A84B-A0B011514E4A}.Debug|x86.Build.0 = Debug|Win32
		{270F9053-15D5-4DF6-A84B-A0B011514E4A}.Release|x64.ActiveCfg = Release|x64
		{270F9053-15D5-4DF6-A84B-A0B011514E4A}.Release|x64.Build.0 = Release|x64
		{270F9053-15D5-4DF6-A84B-A0B011514E4A}.Release|x86.ActiveCfg = Release|Win32
		{270F9053-15D5-4DF6-A84B-A0B011514E4A}.Release|x86.Build.0 = Release|Win32
		{49ABFCB4-D621-4E18-B0C9-EE3FCB9D0C95}.Debug|x64.ActiveCfg = Debug|x64
		{49ABFCB4-D621-4E18-B0C9-EE3FCB9D0C95}.Debug|x64.Build.0 = Debug|x64
		{49ABFCB4-D621-4E18-B0C9-EE3FCB9D0C95}.Debug|x86.ActiveCfg = Debug|Win32
		{49ABFCB4-D621-4E18-B0C9-EE3FCB9D0C95}.Debug|x86.Build.0 = Debug|Win32
		{49ABFCB4-D621-4E18-B0C9-EE3FCB9D0C95}.Release|x64.ActiveCfg = Release|x64
		{49ABFCB4-D621-4E18-B0C9-EE3FCB9D0C95}.Release|x64.Build.0 = Release|x64
		{49ABFCB4-D621-4E18-B0C9-EE3FCB9D0C95}.Release|x86.ActiveCfg = Release|Win32
		{49ABFCB4-D621-4E18-B0C9-EE3FCB9D0C95}.Release|x86.Build.0 = Release|Win32
		{E381AF3A-42A9-4E3C-B53F-34114E74613F}.Debug|x64.ActiveCfg = Debug|x64
		{E381AF3A-42A9-4E3C-B53F-34114E74613F}.Debug|x64.Build.0 = Debug|x64
		{E381AF3A-42A9-4E3C-B53F-34114E74613F}.Debug|x86.ActiveCfg = Debug|Win32
		{E381AF3A-42A9-4E3C-B53F-34114E74613F}.Debug|x86.Build.0 = Debug|Win32
		{E381AF3A-42A9-4E3C-B53F-34114E74613F}.Release|x64.ActiveCfg = Release|x64
		{E381AF3A-42A9-4E3C-B53F-34114E74613F}.Release|x64.Build.0 = Release|x64
		{E381AF3A-42A9-4E3C-B53F-34114E74613F}.Release|x86.ActiveCfg = Release|Win32
		{E381AF3A-42A9-4E3C-B53F-34114E74613F}.Release|x86.Build.0 = Release|Win32
		{D2C191AC-AF2C-4052-85E7-D1A28377718A}.Debug|x64.ActiveCfg = Debug|x64
		{D2C191AC-AF2C-4052-85E7-D1A28377718A}.Debug|x64.Build.0 = Debug|x64
		{D2C191AC-AF2C-4052-85E7-D1A28377718A}.Debug|x86.ActiveCfg = Debug|Win32
		{D2C191AC-AF2C-4052-85E7-D1A28377718A}.Debug|x86.Build.0 = Debug|Win32
		{D2C191AC-AF2C-4052-85E7-D1A28377718A}.Release|x64.ActiveCfg = Release|x64
		{D2C191AC-AF2C-4052-85E7-D1A28377718A}.Release|x64.Build.0 = Release|x64
		{D2C191AC-AF2C-4052-85E7-D1A28377718A}.Release|x86.ActiveCfg = Release|Win32
		{D2C191AC-AF2C-4052-85E7-D1A28377718A}.Release|x86.Build.0 = Release|Win32
		{DE0614E0-BCE8-4B91-9B59-8489ED90F2EB}.Debug|x64.ActiveCfg = Debug|x64
		{DE0614E0-BCE8-4B91-9B59-8489ED90F2EB}.Debug|x64.Build.0 = Debug|x64
		{DE0614E0-BCE8-4B91-9B59-8489ED90F2EB}.Debug|x86.ActiveCfg = Debug|Win32
		{DE0614E0-BCE8-4B91-9B59-8489ED90F2EB}.Debug|x86.Build.0 = Debug|Win32
		{DE0614E0-BCE8-4B91-9B59-8489ED90F2EB}.Release|x64.ActiveCfg = Release|x64
		{DE0614E0-BCE8-4B91-9B59-8489ED90F2EB}.Release|x64.Build.0 = Release|x64
		{DE0614E0-BCE8-4B91-9B59-8489ED90F2EB}.Release|x86.ActiveCfg = Release|Win32
		{DE0614E0-BCE8-4B91-9B59-8489ED90F2EB}.Release|x86.Build.0 = Release|Win32
		{2C1A1672-06C8-42C1-A45A-908E4CC5EFD0}.Debug|x64.ActiveCfg = Debug|x64
		{2C1A1672-06C8-42C1-A45A-908E4CC5EFD0}.Debug|x64.Build.0 = Debug|x64
		{2C1A1672-06C8-42C1-A45A-908E4CC5EFD0}.Debug|x86.ActiveCfg = Debug|Win32
		{2C1A1672-06C8-42C1-A45A-908E4CC5EFD0}.Debug|x86.Build.0 = Debug|Win32
		{2C1A1672-06C8-42C1-A45A-908E4CC5EFD0}.Release|x64.ActiveCfg = Release|x64
		{2C1A1672-06C8-42C1-A45A-908E4CC5EFD0}.Release|x64.Build.0 = Release|x64
		{2C1A1672-06C8-42C1-A45A-908E4CC5EFD0}.Release|x86.ActiveCfg = Release|Win32
		{2C1A1672-06C8-42C1-A45A-908E4CC5EFD0}.Release|x86.Build.0 = Release|Win32
		{89930A54-E1E3-476F-B5BD-42A380FC5A58}.Debug|x64.ActiveCfg = Debug|x64
		{89930A54-E1E3-476F-B5BD-42A380FC5A58}.Debug|x64.Build.0 = Debug|x64
		{89930A54-E1E3-476F-B5BD-42A380FC5A58}.Debug|x86.ActiveCfg = Debug|Win32
		{89930A54-E1E3-476F-B5BD-42A380FC5A58}.Debug|x86.Build.0 = Debug|Win32
		{89930A54-E1E3-476F-B5BD-42A380FC5A58}.Release|x64.ActiveCfg = Release|x64
		{89930A54-E1E3-476F-B5BD-42A380FC5A58}.Release|x64.Build.0 = Release|x64
		{89930A54-E1E3-476F-B5BD-42A380FC5A58}.Release|x86.ActiveCfg = Release|Win32
		{89930A54-E1E3-476F-B5BD-42A380FC5A58}.Release|x86.Build.0 = Release|Win32
		{83D3194A-8AA7-4129-9ADD-5C27334ED387}.Debug|x64.ActiveCfg = Debug|x64
		{83D3194A-8AA7-4129-9ADD-5C27334ED387}.Debug|x64.Build.0 = Debug|x64
		{83D3194A-8AA7-4129-9ADD-5C27334ED387}.Debug|x86.ActiveCfg = Debug|Win32
		{83D3194A-8AA7-4129-9ADD-5C27334ED387}.Debug|x86.Build.0 = Debug|Win32
		{83D3194A-8AA7-4129-9ADD-5C27334ED387}.Release|x64.ActiveCfg = Release|x64
		{83D3194A-8AA7-4129-9ADD-5C27334ED387}.Release|x64.Build.0 = Release|x64
		{83D3194A-8AA7-4129-9ADD-5C27334ED387}.Release|x86.ActiveCfg = Release|Win32
		{83D3194A-8AA7-4129-9ADD-5C27334ED387}.Release|x86.Build.0 = Release|Win32
		{504BEBFE-356B-4CE6-94E7-495EA676AC15}.Debug|x64.ActiveCfg = Debug|x64
		{504BEBFE-356B-4CE6-94E7-495EA676AC15}.Debug|x64.Build.0 = Debug|x64
		{504BEBFE-356B-4CE6-94E7-495EA676AC15}.Debug|x86.ActiveCfg = Debug|Win32
		{504BEBFE-356B-4CE6-94E7-495EA676AC15}.Debug|x86.Build.0 = Debug|Win32
		{504BEBFE-356B-4CE6-94E7-495EA676AC15}.Release|x64.ActiveCfg = Release|x64
		{504BEBFE-356B-4CE6-94E7-495EA676AC15}.Release|x64.Build.0 = Release|x64
		{504BEBFE-356B-4CE6-94E7-495EA676AC15}.Release|x86.ActiveCfg = Release|Win32
		{504BEBFE-356B-4CE6-94E7-495EA676AC15}.Release|x86.Build.0 = Release|Win32
		{903573CF-F8FA-4F3D-943B-8118AE62FA51}.Debug|x64.ActiveCfg = Debug|x64
		{903573CF-F8FA-4F3D-943B-8118AE62FA51}.Debug|x64.Build.0 = Debug|x64
		{903573CF-F8FA-4F3D-943B-8118AE62FA51}.Debug|x86.ActiveCfg = Debug|Win32
		{903573CF-F8FA-4F3D-943B-8118AE62FA51}.Debug|x86.Build.0 = Debug|Win32
		{903573CF-F8FA-4F3D-943B-8118AE62FA51}.Release|x64.ActiveCfg = Release|x64
		{903573CF-F8FA-4F3D-943B-8118AE62FA51}.Release|x64.Build.0 = Release|x64
		{903573CF-F8FA-4F3D-943B-8118AE62FA51}.Release|x86.ActiveCfg = Release|Win32
		{903573CF-F8FA-4F3D-943B-8118AE62FA51}.Release|x86.Build.0 = Release|Win32
		{6FB25515-91DE-4532-91DE-670881A71E41}.Debug|x64.ActiveCfg = Debug|x64
		{6FB25515-91DE-4532-91DE-670881A71E41}.Debug|x64.Build.0 = Debug|x64
		{6FB25515-91DE-4532-91DE-670881A71E41}.Debug|x86.ActiveCfg = Debug|Win32
		{6FB25515-91DE-4532-91DE-670881A71E41}.Debug|x86.Build.0 = Debug|Win32
		{6FB25515-91DE-4532-91DE-670881A71E41}.Release|x64.ActiveCfg = Release|x64
		{6FB25515-91DE-4532-91DE-670881A71E41}.Release|x64.Build.0 = Release|x64
		{6FB25515-91DE-4532-91DE-670881A71E41}.Release|x86.ActiveCfg = Release|Win32
		{6FB25515-91DE-4532-91DE-670881A71E41}.Release|x86.Build.0 = Release|Win32
		{C3138576-D1B6-4125-AA47-5F30B5CA61FA}.Debug|x64.ActiveCfg = Debug|x64
		{C3138576-D1B6-4125-AA47-5F30B5CA61FA}.Debug|x64.Build.0 = Debug|x64
		{C3138576-D1B6-4125-AA47-5F30B5CA61FA}.Debug|x86.ActiveCfg = Debug|Win32
		{C3138576-D1B6-4125-AA47-5F30B5CA61FA}.Debug|x86.Build.0 = Debug|Win32
		{C3138576-D1B6-4125-AA47-5F30B5CA61FA}.Release|x64.ActiveCfg = Release|x64
		{C3138576-D1B6-4125-AA47-5F30B5CA61FA}.Release|x64.Build.0 = Release|x64
		{C3138576-D1B6-4125-AA47-5F30B5CA61FA}.Release|x86.ActiveCfg = Release|Win32
		{C3138576-D1B6-4125-AA47-5F30B5CA61FA}.Release|x86.Build.0 = Release|Win32
	EndGlobalSection
	GlobalSection(SolutionProperties) = preSolution
		HideSolutionNode = FALSE
	EndGlobalSection
	GlobalSection(ExtensibilityGlobals) = postSolution
		SolutionGuid = {02AE9B25-36FD-4D1A-8B52-1CCE29367827}
	EndGlobalSection
EndGlobal
